
Microsoft Visual Studio Solution File, Format Version 12.00
# Visual Studio 14
VisualStudioVersion = 14.0.24720.0
MinimumVisualStudioVersion = 10.0.40219.1
Project("{FAE04EC0-301F-11D3-BF4B-00C04F79EFBC}") = "Generator", "Generator\Generator.csproj", "{E00C6D30-C9D6-4B00-9AF2-8F289D2F61DC}"
EndProject
Global
	GlobalSection(SolutionConfigurationPlatforms) = preSolution
		Debug|Any CPU = Debug|Any CPU
		Release|Any CPU = Release|Any CPU
	EndGlobalSection
	GlobalSection(ProjectConfigurationPlatforms) = postSolution
		{E00C6D30-C9D6-4B00-9AF2-8F289D2F61DC}.Debug|Any CPU.ActiveCfg = Debug|Any CPU
		{E00C6D30-C9D6-4B00-9AF2-8F289D2F61DC}.Debug|Any CPU.Build.0 = Debug|Any CPU
		{E00C6D30-C9D6-4B00-9AF2-8F289D2F61DC}.Release|Any CPU.ActiveCfg = Release|Any CPU
		{E00C6D30-C9D6-4B00-9AF2-8F289D2F61DC}.Release|Any CPU.Build.0 = Release|Any CPU
	EndGlobalSection
	GlobalSection(SolutionProperties) = preSolution
		HideSolutionNode = FALSE
	EndGlobalSection
EndGlobal
